{
  "name": "typescript-tutorial",
  "lockfileVersion": 3,
  "requires": true,
  "packages": {
    "": {
      "devDependencies": {
        "@types/lodash": "^4.17.5"
      }
    },
    "node_modules/@types/lodash": {
      "version": "4.17.5",
      "resolved": "https://registry.npmjs.org/@types/lodash/-/lodash-4.17.5.tgz",
      "integrity": "sha512-MBIOHVZqVqgfro1euRDWX7OO0fBVUUMrN6Pwm8LQsz8cWhEpihlvR70ENj3f40j58TNxZaWv2ndSkInykNBBJw==",
      "dev": true
    }
  }
}
